{
  "name": "dairy-delivery",
  "lockfileVersion": 3,
  "requires": true,
  "packages": {
    "": {
      "dependencies": {
        "bcryptjs": "^3.0.3",
        "nodemailer": "^9.0.1"
      }
    },
    "node_modules/bcryptjs": {
      "version": "3.0.3",
      "resolved": "https://registry.npmjs.org/bcryptjs/-/bcryptjs-3.0.3.tgz",
      "integrity": "sha512-GlF5wPWnSa/X5LKM1o0wz0suXIINz1iHRLvTS+sLyi7XPbe5ycmYI3DlZqVGZZtDgl4DmasFg7gOB3JYbphV5g==",
      "license": "BSD-3-Clause",
      "bin": {
        "bcrypt": "bin/bcrypt"
      }
    },
    "node_modules/nodemailer": {
      "version": "9.0.1",
      "resolved": "https://registry.npmjs.org/nodemailer/-/nodemailer-9.0.1.tgz",
      "integrity": "sha512-Gwv8SQewT616ZM/URn0H54b8PWo/Wum7md3EW2aWy1lO27+WZCX+Xyak3J+NlmHUjDh5ME+uesJUDRbR3Ye8Bw==",
      "license": "MIT-0",
      "engines": {
        "node": ">=6.0.0"
      }
    }
  }
}
